
Microsoft Visual Studio Solution File, Format Version 12.00
# Visual Studio Version 16
VisualStudioVersion = 16.0.32228.343
MinimumVisualStudioVersion = 10.0.40219.1
Project("{FAE04EC0-301F-11D3-BF4B-00C04F79EFBC}") = "SpinnerPlugin.View", "SpinnerPlugin.View\SpinnerPlugin.View.csproj", "{CC77AC44-6FC1-4707-B5DE-89DE8D3C2AF1}"
	ProjectSection(ProjectDependencies) = postProject
		{2627155E-65D7-429D-9227-98A520DAB299} = {2627155E-65D7-429D-9227-98A520DAB299}
	EndProjectSection
EndProject
Project("{FAE04EC0-301F-11D3-BF4B-00C04F79EFBC}") = "SpinnerPlugin.Model", "SpinnerPlugin.Model\SpinnerPlugin.Model.csproj", "{2627155E-65D7-429D-9227-98A520DAB299}"
EndProject
Global
	GlobalSection(SolutionConfigurationPlatforms) = preSolution
		Debug|Any CPU = Debug|Any CPU
		Release|Any CPU = Release|Any CPU
	EndGlobalSection
	GlobalSection(ProjectConfigurationPlatforms) = postSolution
		{CC77AC44-6FC1-4707-B5DE-89DE8D3C2AF1}.Debug|Any CPU.ActiveCfg = Debug|Any CPU
		{CC77AC44-6FC1-4707-B5DE-89DE8D3C2AF1}.Debug|Any CPU.Build.0 = Debug|Any CPU
		{CC77AC44-6FC1-4707-B5DE-89DE8D3C2AF1}.Release|Any CPU.ActiveCfg = Release|Any CPU
		{CC77AC44-6FC1-4707-B5DE-89DE8D3C2AF1}.Release|Any CPU.Build.0 = Release|Any CPU
		{2627155E-65D7-429D-9227-98A520DAB299}.Debug|Any CPU.ActiveCfg = Debug|Any CPU
		{2627155E-65D7-429D-9227-98A520DAB299}.Debug|Any CPU.Build.0 = Debug|Any CPU
		{2627155E-65D7-429D-9227-98A520DAB299}.Release|Any CPU.ActiveCfg = Release|Any CPU
		{2627155E-65D7-429D-9227-98A520DAB299}.Release|Any CPU.Build.0 = Release|Any CPU
	EndGlobalSection
	GlobalSection(SolutionProperties) = preSolution
		HideSolutionNode = FALSE
	EndGlobalSection
	GlobalSection(ExtensibilityGlobals) = postSolution
		SolutionGuid = {46F324E1-8DC9-4D7B-A079-206C1D852D12}
	EndGlobalSection
EndGlobal
